// !$*UTF8*$!
{
	archiveVersion = 1;
	classes = {
	};
	objectVersion = 50;
	objects = {

/* Begin PBXBuildFile section */
		88053F6A25BDF3AE00BAD698 /* LandmarksApp.swift in Sources */ = {isa = PBXBuildFile; fileRef = 88053F6925BDF3AE00BAD698 /* LandmarksApp.swift */; };
		88053F6C25BDF3AE00BAD698 /* ContentView.swift in Sources */ = {isa = PBXBuildFile; fileRef = 88053F6B25BDF3AE00BAD698 /* ContentView.swift */; };
		88053F6E25BDF3AF00BAD698 /* Assets.xcassets in Resources */ = {isa = PBXBuildFile; fileRef = 88053F6D25BDF3AF00BAD698 /* Assets.xcassets */; };
		88053F7125BDF3AF00BAD698 /* Preview Assets.xcassets in Resources */ = {isa = PBXBuildFile; fileRef = 88053F7025BDF3AF00BAD698 /* Preview Assets.xcassets */; };
		88053F7A25BE0A0F00BAD698 /* CircleImage.swift in Sources */ = {isa = PBXBuildFile; fileRef = 88053F7925BE0A0F00BAD698 /* CircleImage.swift */; };
		88053F7D25BEC99500BAD698 /* MapView.swift in Sources */ = {isa = PBXBuildFile; fileRef = 88053F7C25BEC99500BAD698 /* MapView.swift */; };
		88053F8025BEE3E400BAD698 /* landmarkData.json in Resources */ = {isa = PBXBuildFile; fileRef = 88053F7F25BEE3E400BAD698 /* landmarkData.json */; };
		88053F8325BEE41E00BAD698 /* Landmark.swift in Sources */ = {isa = PBXBuildFile; fileRef = 88053F8225BEE41E00BAD698 /* Landmark.swift */; };
		88053F8625BEE60F00BAD698 /* ModelData.swift in Sources */ = {isa = PBXBuildFile; fileRef = 88053F8525BEE60F00BAD698 /* ModelData.swift */; };
		88053F8F25BEE88F00BAD698 /* LandmarkRow.swift in Sources */ = {isa = PBXBuildFile; fileRef = 88053F8E25BEE88F00BAD698 /* LandmarkRow.swift */; };
		88053F9325BEEBE300BAD698 /* LandmarkList.swift in Sources */ = {isa = PBXBuildFile; fileRef = 88053F9225BEEBE300BAD698 /* LandmarkList.swift */; };
		88053F9725BEF8BB00BAD698 /* LandmarkDetail.swift in Sources */ = {isa = PBXBuildFile; fileRef = 88053F9625BEF8BB00BAD698 /* LandmarkDetail.swift */; };
		88053F9A25BF0BD000BAD698 /* FavoriteButton.swift in Sources */ = {isa = PBXBuildFile; fileRef = 88053F9925BF0BD000BAD698 /* FavoriteButton.swift */; };
		88053FA225BF352800BAD698 /* HexagonParameters.swift in Sources */ = {isa = PBXBuildFile; fileRef = 88053FA125BF352800BAD698 /* HexagonParameters.swift */; };
		88053FA625BF368A00BAD698 /* BadgeBackground.swift in Sources */ = {isa = PBXBuildFile; fileRef = 88053FA525BF368A00BAD698 /* BadgeBackground.swift */; };
		88053FA925BF3D4300BAD698 /* BadgeSymbol.swift in Sources */ = {isa = PBXBuildFile; fileRef = 88053FA825BF3D4300BAD698 /* BadgeSymbol.swift */; };
		88053FAF25BF3F6A00BAD698 /* RotatedBadgeSymbol.swift in Sources */ = {isa = PBXBuildFile; fileRef = 88053FAE25BF3F6A00BAD698 /* RotatedBadgeSymbol.swift */; };
		88053FB225BF453400BAD698 /* Badge.swift in Sources */ = {isa = PBXBuildFile; fileRef = 88053FB125BF453400BAD698 /* Badge.swift */; };
/* End PBXBuildFile section */

/* Begin PBXFileReference section */
		88053F6625BDF3AE00BAD698 /* Landmarks.app */ = {isa = PBXFileReference; explicitFileType = wrapper.application; includeInIndex = 0; path = Landmarks.app; sourceTree = BUILT_PRODUCTS_DIR; };
		88053F6925BDF3AE00BAD698 /* LandmarksApp.swift */ = {isa = PBXFileReference; lastKnownFileType = sourcecode.swift; path = LandmarksApp.swift; sourceTree = "<group>"; };
		88053F6B25BDF3AE00BAD698 /* ContentView.swift */ = {isa = PBXFileReference; lastKnownFileType = sourcecode.swift; path = ContentView.swift; sourceTree = "<group>"; };
		88053F6D25BDF3AF00BAD698 /* Assets.xcassets */ = {isa = PBXFileReference; lastKnownFileType = folder.assetcatalog; path = Assets.xcassets; sourceTree = "<group>"; };
		88053F7025BDF3AF00BAD698 /* Preview Assets.xcassets */ = {isa = PBXFileReference; lastKnownFileType = folder.assetcatalog; path = "Preview Assets.xcassets"; sourceTree = "<group>"; };
		88053F7225BDF3AF00BAD698 /* Info.plist */ = {isa = PBXFileReference; lastKnownFileType = text.plist.xml; path = Info.plist; sourceTree = "<group>"; };
		88053F7925BE0A0F00BAD698 /* CircleImage.swift */ = {isa = PBXFileReference; lastKnownFileType = sourcecode.swift; path = CircleImage.swift; sourceTree = "<group>"; };
		88053F7C25BEC99500BAD698 /* MapView.swift */ = {isa = PBXFileReference; lastKnownFileType = sourcecode.swift; path = MapView.swift; sourceTree = "<group>"; };
		88053F7F25BEE3E400BAD698 /* landmarkData.json */ = {isa = PBXFileReference; fileEncoding = 4; lastKnownFileType = text.json; path = landmarkData.json; sourceTree = "<group>"; };
		88053F8225BEE41E00BAD698 /* Landmark.swift */ = {isa = PBXFileReference; lastKnownFileType = sourcecode.swift; path = Landmark.swift; sourceTree = "<group>"; };
		88053F8525BEE60F00BAD698 /* ModelData.swift */ = {isa = PBXFileReference; lastKnownFileType = sourcecode.swift; path = ModelData.swift; sourceTree = "<group>"; };
		88053F8E25BEE88F00BAD698 /* LandmarkRow.swift */ = {isa = PBXFileReference; lastKnownFileType = sourcecode.swift; path = LandmarkRow.swift; sourceTree = "<group>"; };
		88053F9225BEEBE300BAD698 /* LandmarkList.swift */ = {isa = PBXFileReference; lastKnownFileType = sourcecode.swift; path = LandmarkList.swift; sourceTree = "<group>"; };
		88053F9625BEF8BB00BAD698 /* LandmarkDetail.swift */ = {isa = PBXFileReference; lastKnownFileType = sourcecode.swift; path = LandmarkDetail.swift; sourceTree = "<group>"; };
		88053F9925BF0BD000BAD698 /* FavoriteButton.swift */ = {isa = PBXFileReference; lastKnownFileType = sourcecode.swift; path = FavoriteButton.swift; sourceTree = "<group>"; };
		88053FA125BF352800BAD698 /* HexagonParameters.swift */ = {isa = PBXFileReference; lastKnownFileType = sourcecode.swift; path = HexagonParameters.swift; sourceTree = "<group>"; };
		88053FA525BF368A00BAD698 /* BadgeBackground.swift */ = {isa = PBXFileReference; lastKnownFileType = sourcecode.swift; path = BadgeBackground.swift; sourceTree = "<group>"; };
		88053FA825BF3D4300BAD698 /* BadgeSymbol.swift */ = {isa = PBXFileReference; lastKnownFileType = sourcecode.swift; path = BadgeSymbol.swift; sourceTree = "<group>"; };
		88053FAE25BF3F6A00BAD698 /* RotatedBadgeSymbol.swift */ = {isa = PBXFileReference; lastKnownFileType = sourcecode.swift; path = RotatedBadgeSymbol.swift; sourceTree = "<group>"; };
		88053FB125BF453400BAD698 /* Badge.swift */ = {isa = PBXFileReference; lastKnownFileType = sourcecode.swift; path = Badge.swift; sourceTree = "<group>"; };
/* End PBXFileReference section */

/* Begin PBXFrameworksBuildPhase section */
		88053F6325BDF3AE00BAD698 /* Frameworks */ = {
			isa = PBXFrameworksBuildPhase;
			buildActionMask = 2147483647;
			files = (
			);
			runOnlyForDeploymentPostprocessing = 0;
		};
/* End PBXFrameworksBuildPhase section */

/* Begin PBXGroup section */
		88053F5D25BDF3AE00BAD698 = {
			isa = PBXGroup;
			children = (
				88053F6825BDF3AE00BAD698 /* Landmarks */,
				88053F6725BDF3AE00BAD698 /* Products */,
			);
			sourceTree = "<group>";
		};
		88053F6725BDF3AE00BAD698 /* Products */ = {
			isa = PBXGroup;
			children = (
				88053F6625BDF3AE00BAD698 /* Landmarks.app */,
			);
			name = Products;
			sourceTree = "<group>";
		};
		88053F6825BDF3AE00BAD698 /* Landmarks */ = {
			isa = PBXGroup;
			children = (
				88053F6925BDF3AE00BAD698 /* LandmarksApp.swift */,
				88053F8825BEE7C100BAD698 /* Views */,
				88053F8B25BEE7D600BAD698 /* Model */,
				88053F8D25BEE7E700BAD698 /* Resources */,
				88053F6D25BDF3AF00BAD698 /* Assets.xcassets */,
				88053F7225BDF3AF00BAD698 /* Info.plist */,
				88053F6F25BDF3AF00BAD698 /* Preview Content */,
			);
			path = Landmarks;
			sourceTree = "<group>";
		};
		88053F6F25BDF3AF00BAD698 /* Preview Content */ = {
			isa = PBXGroup;
			children = (
				88053F7025BDF3AF00BAD698 /* Preview Assets.xcassets */,
			);
			path = "Preview Content";
			sourceTree = "<group>";
		};
		88053F8825BEE7C100BAD698 /* Views */ = {
			isa = PBXGroup;
			children = (
				88053FAB25BF3D6F00BAD698 /* Badges */,
				88053F9C25BF0CF100BAD698 /* Landmarks */,
				88053F9E25BF0D1000BAD698 /* Helpers */,
				88053F6B25BDF3AE00BAD698 /* ContentView.swift */,
			);
			path = Views;
			sourceTree = "<group>";
		};
		88053F8B25BEE7D600BAD698 /* Model */ = {
			isa = PBXGroup;
			children = (
				88053F8525BEE60F00BAD698 /* ModelData.swift */,
				88053F8225BEE41E00BAD698 /* Landmark.swift */,
			);
			path = Model;
			sourceTree = "<group>";
		};
		88053F8D25BEE7E700BAD698 /* Resources */ = {
			isa = PBXGroup;
			children = (
				88053F7F25BEE3E400BAD698 /* landmarkData.json */,
			);
			path = Resources;
			sourceTree = "<group>";
		};
		88053F9C25BF0CF100BAD698 /* Landmarks */ = {
			isa = PBXGroup;
			children = (
				88053F9225BEEBE300BAD698 /* LandmarkList.swift */,
				88053F8E25BEE88F00BAD698 /* LandmarkRow.swift */,
				88053F9625BEF8BB00BAD698 /* LandmarkDetail.swift */,
			);
			path = Landmarks;
			sourceTree = "<group>";
		};
		88053F9E25BF0D1000BAD698 /* Helpers */ = {
			isa = PBXGroup;
			children = (
				88053F7925BE0A0F00BAD698 /* CircleImage.swift */,
				88053F7C25BEC99500BAD698 /* MapView.swift */,
				88053F9925BF0BD000BAD698 /* FavoriteButton.swift */,
			);
			path = Helpers;
			sourceTree = "<group>";
		};
		88053FAB25BF3D6F00BAD698 /* Badges */ = {
			isa = PBXGroup;
			children = (
				88053FB125BF453400BAD698 /* Badge.swift */,
				88053FA525BF368A00BAD698 /* BadgeBackground.swift */,
				88053FA825BF3D4300BAD698 /* BadgeSymbol.swift */,
				88053FAE25BF3F6A00BAD698 /* RotatedBadgeSymbol.swift */,
				88053FA125BF352800BAD698 /* HexagonParameters.swift */,
			);
			path = Badges;
			sourceTree = "<group>";
		};
/* End PBXGroup section */

/* Begin PBXNativeTarget section */
		88053F6525BDF3AE00BAD698 /* Landmarks */ = {
			isa = PBXNativeTarget;
			buildConfigurationList = 88053F7525BDF3AF00BAD698 /* Build configuration list for PBXNativeTarget "Landmarks" */;
			buildPhases = (
				88053F6225BDF3AE00BAD698 /* Sources */,
				88053F6325BDF3AE00BAD698 /* Frameworks */,
				88053F6425BDF3AE00BAD698 /* Resources */,
			);
			buildRules = (
			);
			dependencies = (
			);
			name = Landmarks;
			productName = Landmarks;
			productReference = 88053F6625BDF3AE00BAD698 /* Landmarks.app */;
			productType = "com.apple.product-type.application";
		};
/* End PBXNativeTarget section */

/* Begin PBXProject section */
		88053F5E25BDF3AE00BAD698 /* Project object */ = {
			isa = PBXProject;
			attributes = {
				LastSwiftUpdateCheck = 1230;
				LastUpgradeCheck = 1230;
				TargetAttributes = {
					88053F6525BDF3AE00BAD698 = {
						CreatedOnToolsVersion = 12.3;
					};
				};
			};
			buildConfigurationList = 88053F6125BDF3AE00BAD698 /* Build configuration list for PBXProject "Landmarks" */;
			compatibilityVersion = "Xcode 9.3";
			developmentRegion = en;
			hasScannedForEncodings = 0;
			knownRegions = (
				en,
				Base,
			);
			mainGroup = 88053F5D25BDF3AE00BAD698;
			productRefGroup = 88053F6725BDF3AE00BAD698 /* Products */;
			projectDirPath = "";
			projectRoot = "";
			targets = (
				88053F6525BDF3AE00BAD698 /* Landmarks */,
			);
		};
/* End PBXProject section */

/* Begin PBXResourcesBuildPhase section */
		88053F6425BDF3AE00BAD698 /* Resources */ = {
			isa = PBXResourcesBuildPhase;
			buildActionMask = 2147483647;
			files = (
				88053F7125BDF3AF00BAD698 /* Preview Assets.xcassets in Resources */,
				88053F6E25BDF3AF00BAD698 /* Assets.xcassets in Resources */,
				88053F8025BEE3E400BAD698 /* landmarkData.json in Resources */,
			);
			runOnlyForDeploymentPostprocessing = 0;
		};
/* End PBXResourcesBuildPhase section */

/* Begin PBXSourcesBuildPhase section */
		88053F6225BDF3AE00BAD698 /* Sources */ = {
			isa = PBXSourcesBuildPhase;
			buildActionMask = 2147483647;
			files = (
				88053F6C25BDF3AE00BAD698 /* ContentView.swift in Sources */,
				88053FB225BF453400BAD698 /* Badge.swift in Sources */,
				88053F7D25BEC99500BAD698 /* MapView.swift in Sources */,
				88053F6A25BDF3AE00BAD698 /* LandmarksApp.swift in Sources */,
				88053F9A25BF0BD000BAD698 /* FavoriteButton.swift in Sources */,
				88053FA225BF352800BAD698 /* HexagonParameters.swift in Sources */,
				88053FAF25BF3F6A00BAD698 /* RotatedBadgeSymbol.swift in Sources */,
				88053FA925BF3D4300BAD698 /* BadgeSymbol.swift in Sources */,
				88053F9325BEEBE300BAD698 /* LandmarkList.swift in Sources */,
				88053F9725BEF8BB00BAD698 /* LandmarkDetail.swift in Sources */,
				88053FA625BF368A00BAD698 /* BadgeBackground.swift in Sources */,
				88053F7A25BE0A0F00BAD698 /* CircleImage.swift in Sources */,
				88053F8325BEE41E00BAD698 /* Landmark.swift in Sources */,
				88053F8F25BEE88F00BAD698 /* LandmarkRow.swift in Sources */,
				88053F8625BEE60F00BAD698 /* ModelData.swift in Sources */,
			);
			runOnlyForDeploymentPostprocessing = 0;
		};
/* End PBXSourcesBuildPhase section */

/* Begin XCBuildConfiguration section */
		88053F7325BDF3AF00BAD698 /* Debug */ = {
			isa = XCBuildConfiguration;
			buildSettings = {
				ALWAYS_SEARCH_USER_PATHS = NO;
				CLANG_ANALYZER_NONNULL = YES;
				CLANG_ANALYZER_NUMBER_OBJECT_CONVERSION = YES_AGGRESSIVE;
				CLANG_CXX_LANGUAGE_STANDARD = "gnu++14";
				CLANG_CXX_LIBRARY = "libc++";
				CLANG_ENABLE_MODULES = YES;
				CLANG_ENABLE_OBJC_ARC = YES;
				CLANG_ENABLE_OBJC_WEAK = YES;
				CLANG_WARN_BLOCK_CAPTURE_AUTORELEASING = YES;
				CLANG_WARN_BOOL_CONVERSION = YES;
				CLANG_WARN_COMMA = YES;
				CLANG_WARN_CONSTANT_CONVERSION = YES;
				CLANG_WARN_DEPRECATED_OBJC_IMPLEMENTATIONS = YES;
				CLANG_WARN_DIRECT_OBJC_ISA_USAGE = YES_ERROR;
				CLANG_WARN_DOCUMENTATION_COMMENTS = YES;
				CLANG_WARN_EMPTY_BODY = YES;
				CLANG_WARN_ENUM_CONVERSION = YES;
				CLANG_WARN_INFINITE_RECURSION = YES;
				CLANG_WARN_INT_CONVERSION = YES;
				CLANG_WARN_NON_LITERAL_NULL_CONVERSION = YES;
				CLANG_WARN_OBJC_IMPLICIT_RETAIN_SELF = YES;
				CLANG_WARN_OBJC_LITERAL_CONVERSION = YES;
				CLANG_WARN_OBJC_ROOT_CLASS = YES_ERROR;
				CLANG_WARN_QUOTED_INCLUDE_IN_FRAMEWORK_HEADER = YES;
				CLANG_WARN_RANGE_LOOP_ANALYSIS = YES;
				CLANG_WARN_STRICT_PROTOTYPES = YES;
				CLANG_WARN_SUSPICIOUS_MOVE = YES;
				CLANG_WARN_UNGUARDED_AVAILABILITY = YES_AGGRESSIVE;
				CLANG_WARN_UNREACHABLE_CODE = YES;
				CLANG_WARN__DUPLICATE_METHOD_MATCH = YES;
				COPY_PHASE_STRIP = NO;
				DEBUG_INFORMATION_FORMAT = dwarf;
				ENABLE_STRICT_OBJC_MSGSEND = YES;
				ENABLE_TESTABILITY = YES;
				GCC_C_LANGUAGE_STANDARD = gnu11;
				GCC_DYNAMIC_NO_PIC = NO;
				GCC_NO_COMMON_BLOCKS = YES;
				GCC_OPTIMIZATION_LEVEL = 0;
				GCC_PREPROCESSOR_DEFINITIONS = (
					"DEBUG=1",
					"$(inherited)",
				);
				GCC_WARN_64_TO_32_BIT_CONVERSION = YES;
				GCC_WARN_ABOUT_RETURN_TYPE = YES_ERROR;
				GCC_WARN_UNDECLARED_SELECTOR = YES;
				GCC_WARN_UNINITIALIZED_AUTOS = YES_AGGRESSIVE;
				GCC_WARN_UNUSED_FUNCTION = YES;
				GCC_WARN_UNUSED_VARIABLE = YES;
				IPHONEOS_DEPLOYMENT_TARGET = 14.3;
				MTL_ENABLE_DEBUG_INFO = INCLUDE_SOURCE;
				MTL_FAST_MATH = YES;
				ONLY_ACTIVE_ARCH = YES;
				SDKROOT = iphoneos;
				SWIFT_ACTIVE_COMPILATION_CONDITIONS = DEBUG;
				SWIFT_OPTIMIZATION_LEVEL = "-Onone";
			};
			name = Debug;
		};
		88053F7425BDF3AF00BAD698 /* Release */ = {
			isa = XCBuildConfiguration;
			buildSettings = {
				ALWAYS_SEARCH_USER_PATHS = NO;
				CLANG_ANALYZER_NONNULL = YES;
				CLANG_ANALYZER_NUMBER_OBJECT_CONVERSION = YES_AGGRESSIVE;
				CLANG_CXX_LANGUAGE_STANDARD = "gnu++14";
				CLANG_CXX_LIBRARY = "libc++";
				CLANG_ENABLE_MODULES = YES;
				CLANG_ENABLE_OBJC_ARC = YES;
				CLANG_ENABLE_OBJC_WEAK = YES;
				CLANG_WARN_BLOCK_CAPTURE_AUTORELEASING = YES;
				CLANG_WARN_BOOL_CONVERSION = YES;
				CLANG_WARN_COMMA = YES;
				CLANG_WARN_CONSTANT_CONVERSION = YES;
				CLANG_WARN_DEPRECATED_OBJC_IMPLEMENTATIONS = YES;
				CLANG_WARN_DIRECT_OBJC_ISA_USAGE = YES_ERROR;
				CLANG_WARN_DOCUMENTATION_COMMENTS = YES;
				CLANG_WARN_EMPTY_BODY = YES;
				CLANG_WARN_ENUM_CONVERSION = YES;
				CLANG_WARN_INFINITE_RECURSION = YES;
				CLANG_WARN_INT_CONVERSION = YES;
				CLANG_WARN_NON_LITERAL_NULL_CONVERSION = YES;
				CLANG_WARN_OBJC_IMPLICIT_RETAIN_SELF = YES;
				CLANG_WARN_OBJC_LITERAL_CONVERSION = YES;
				CLANG_WARN_OBJC_ROOT_CLASS = YES_ERROR;
				CLANG_WARN_QUOTED_INCLUDE_IN_FRAMEWORK_HEADER = YES;
				CLANG_WARN_RANGE_LOOP_ANALYSIS = YES;
				CLANG_WARN_STRICT_PROTOTYPES = YES;
				CLANG_WARN_SUSPICIOUS_MOVE = YES;
				CLANG_WARN_UNGUARDED_AVAILABILITY = YES_AGGRESSIVE;
				CLANG_WARN_UNREACHABLE_CODE = YES;
				CLANG_WARN__DUPLICATE_METHOD_MATCH = YES;
				COPY_PHASE_STRIP = NO;
				DEBUG_INFORMATION_FORMAT = "dwarf-with-dsym";
				ENABLE_NS_ASSERTIONS = NO;
				ENABLE_STRICT_OBJC_MSGSEND = YES;
				GCC_C_LANGUAGE_STANDARD = gnu11;
				GCC_NO_COMMON_BLOCKS = YES;
				GCC_WARN_64_TO_32_BIT_CONVERSION = YES;
				GCC_WARN_ABOUT_RETURN_TYPE = YES_ERROR;
				GCC_WARN_UNDECLARED_SELECTOR = YES;
				GCC_WARN_UNINITIALIZED_AUTOS = YES_AGGRESSIVE;
				GCC_WARN_UNUSED_FUNCTION = YES;
				GCC_WARN_UNUSED_VARIABLE = YES;
				IPHONEOS_DEPLOYMENT_TARGET = 14.3;
				MTL_ENABLE_DEBUG_INFO = NO;
				MTL_FAST_MATH = YES;
				SDKROOT = iphoneos;
				SWIFT_COMPILATION_MODE = wholemodule;
				SWIFT_OPTIMIZATION_LEVEL = "-O";
				VALIDATE_PRODUCT = YES;
			};
			name = Release;
		};
		88053F7625BDF3AF00BAD698 /* Debug */ = {
			isa = XCBuildConfiguration;
			buildSettings = {
				ASSETCATALOG_COMPILER_APPICON_NAME = AppIcon;
				ASSETCATALOG_COMPILER_GLOBAL_ACCENT_COLOR_NAME = AccentColor;
				CODE_SIGN_STYLE = Automatic;
				DEVELOPMENT_ASSET_PATHS = "\"Landmarks/Preview Content\"";
				DEVELOPMENT_TEAM = 238CXC7DZ6;
				ENABLE_PREVIEWS = YES;
				INFOPLIST_FILE = Landmarks/Info.plist;
				IPHONEOS_DEPLOYMENT_TARGET = 14.0;
				LD_RUNPATH_SEARCH_PATHS = (
					"$(inherited)",
					"@executable_path/Frameworks",
				);
				PRODUCT_BUNDLE_IDENTIFIER = com.yusufcaglar.Landmarks;
				PRODUCT_NAME = "$(TARGET_NAME)";
				SWIFT_VERSION = 5.0;
				TARGETED_DEVICE_FAMILY = "1,2";
			};
			name = Debug;
		};
		88053F7725BDF3AF00BAD698 /* Release */ = {
			isa = XCBuildConfiguration;
			buildSettings = {
				ASSETCATALOG_COMPILER_APPICON_NAME = AppIcon;
				ASSETCATALOG_COMPILER_GLOBAL_ACCENT_COLOR_NAME = AccentColor;
				CODE_SIGN_STYLE = Automatic;
				DEVELOPMENT_ASSET_PATHS = "\"Landmarks/Preview Content\"";
				DEVELOPMENT_TEAM = 238CXC7DZ6;
				ENABLE_PREVIEWS = YES;
				INFOPLIST_FILE = Landmarks/Info.plist;
				IPHONEOS_DEPLOYMENT_TARGET = 14.0;
				LD_RUNPATH_SEARCH_PATHS = (
					"$(inherited)",
					"@executable_path/Frameworks",
				);
				PRODUCT_BUNDLE_IDENTIFIER = com.yusufcaglar.Landmarks;
				PRODUCT_NAME = "$(TARGET_NAME)";
				SWIFT_VERSION = 5.0;
				TARGETED_DEVICE_FAMILY = "1,2";
			};
			name = Release;
		};
/* End XCBuildConfiguration section */

/* Begin XCConfigurationList section */
		88053F6125BDF3AE00BAD698 /* Build configuration list for PBXProject "Landmarks" */ = {
			isa = XCConfigurationList;
			buildConfigurations = (
				88053F7325BDF3AF00BAD698 /* Debug */,
				88053F7425BDF3AF00BAD698 /* Release */,
			);
			defaultConfigurationIsVisible = 0;
			defaultConfigurationName = Release;
		};
		88053F7525BDF3AF00BAD698 /* Build configuration list for PBXNativeTarget "Landmarks" */ = {
			isa = XCConfigurationList;
			buildConfigurations = (
				88053F7625BDF3AF00BAD698 /* Debug */,
				88053F7725BDF3AF00BAD698 /* Release */,
			);
			defaultConfigurationIsVisible = 0;
			defaultConfigurationName = Release;
		};
/* End XCConfigurationList section */
	};
	rootObject = 88053F5E25BDF3AE00BAD698 /* Project object */;
}
